
Microsoft Visual Studio Solution File, Format Version 12.00
# Visual Studio Version 17
VisualStudioVersion = 17.0.31717.71
MinimumVisualStudioVersion = 10.0.40219.1
Project("{9A19103F-16F7-4668-BE54-9A1E7A4F7556}") = "Bin2DecWasm", "Bin2DecWasm.csproj", "{AEB829A0-63DA-459E-849E-A98F3F6BF9AD}"
EndProject
Global
	GlobalSection(SolutionConfigurationPlatforms) = preSolution
		Debug|Any CPU = Debug|Any CPU
		Release|Any CPU = Release|Any CPU
	EndGlobalSection
	GlobalSection(ProjectConfigurationPlatforms) = postSolution
		{AEB829A0-63DA-459E-849E-A98F3F6BF9AD}.Debug|Any CPU.ActiveCfg = Debug|Any CPU
		{AEB829A0-63DA-459E-849E-A98F3F6BF9AD}.Debug|Any CPU.Build.0 = Debug|Any CPU
		{AEB829A0-63DA-459E-849E-A98F3F6BF9AD}.Release|Any CPU.ActiveCfg = Release|Any CPU
		{AEB829A0-63DA-459E-849E-A98F3F6BF9AD}.Release|Any CPU.Build.0 = Release|Any CPU
	EndGlobalSection
	GlobalSection(SolutionProperties) = preSolution
		HideSolutionNode = FALSE
	EndGlobalSection
	GlobalSection(ExtensibilityGlobals) = postSolution
		SolutionGuid = {387DF488-DE46-4B4D-8C91-69823037FF92}
	EndGlobalSection
EndGlobal